
Microsoft Visual Studio Solution File, Format Version 12.00
Project("{FAE04EC0-301F-11D3-BF4B-00C04F79EFBC}") = "TempMonitor", "TempMonitor\TempMonitor.csproj", "{83278839-F553-46C7-9AB9-31A35D8EE4B0}"
EndProject
Project("{2150E333-8FDC-42A3-9474-1A3956D46DE8}") = ".github", ".github", "{B1E2D1C3-1A61-4DA9-98E1-CF190702CE1E}"
EndProject
Project("{2150E333-8FDC-42A3-9474-1A3956D46DE8}") = "workflows", "workflows", "{ABA991A5-E302-4D22-AE48-6F662CC74BF8}"
	ProjectSection(SolutionItems) = preProject
		..\.github\workflows\docker-image.yml = ..\.github\workflows\docker-image.yml
	EndProjectSection
EndProject
Global
	GlobalSection(SolutionConfigurationPlatforms) = preSolution
		Debug|Any CPU = Debug|Any CPU
		Release|Any CPU = Release|Any CPU
	EndGlobalSection
	GlobalSection(ProjectConfigurationPlatforms) = postSolution
		{83278839-F553-46C7-9AB9-31A35D8EE4B0}.Debug|Any CPU.ActiveCfg = Debug|Any CPU
		{83278839-F553-46C7-9AB9-31A35D8EE4B0}.Debug|Any CPU.Build.0 = Debug|Any CPU
		{83278839-F553-46C7-9AB9-31A35D8EE4B0}.Release|Any CPU.ActiveCfg = Release|Any CPU
		{83278839-F553-46C7-9AB9-31A35D8EE4B0}.Release|Any CPU.Build.0 = Release|Any CPU
	EndGlobalSection
	GlobalSection(NestedProjects) = preSolution
		{ABA991A5-E302-4D22-AE48-6F662CC74BF8} = {B1E2D1C3-1A61-4DA9-98E1-CF190702CE1E}
	EndGlobalSection
EndGlobal
